
Microsoft Visual Studio Solution File, Format Version 12.00
# Visual Studio Version 17
VisualStudioVersion = 17.9.34714.143
MinimumVisualStudioVersion = 10.0.40219.1
Project("{FAE04EC0-301F-11D3-BF4B-00C04F79EFBC}") = "AcademyManagment.App", "AcademyManagment.App\AcademyManagment.App.csproj", "{ECCA55A0-B408-44E9-91DF-AD9FFD760A0C}"
EndProject
Project("{FAE04EC0-301F-11D3-BF4B-00C04F79EFBC}") = "AcademyManagment.Domain", "AcademyManagment.Domain\AcademyManagment.Domain.csproj", "{AEBE236F-DE76-4A1F-988C-F38F955E522C}"
EndProject
Project("{FAE04EC0-301F-11D3-BF4B-00C04F79EFBC}") = "AcademyManagment.Services", "AcademyManagment.Services\AcademyManagment.Services.csproj", "{98793062-A9D8-43D3-B57F-93216519E60C}"
EndProject
Global
	GlobalSection(SolutionConfigurationPlatforms) = preSolution
		Debug|Any CPU = Debug|Any CPU
		Release|Any CPU = Release|Any CPU
	EndGlobalSection
	GlobalSection(ProjectConfigurationPlatforms) = postSolution
		{ECCA55A0-B408-44E9-91DF-AD9FFD760A0C}.Debug|Any CPU.ActiveCfg = Debug|Any CPU
		{ECCA55A0-B408-44E9-91DF-AD9FFD760A0C}.Debug|Any CPU.Build.0 = Debug|Any CPU
		{ECCA55A0-B408-44E9-91DF-AD9FFD760A0C}.Release|Any CPU.ActiveCfg = Release|Any CPU
		{ECCA55A0-B408-44E9-91DF-AD9FFD760A0C}.Release|Any CPU.Build.0 = Release|Any CPU
		{AEBE236F-DE76-4A1F-988C-F38F955E522C}.Debug|Any CPU.ActiveCfg = Debug|Any CPU
		{AEBE236F-DE76-4A1F-988C-F38F955E522C}.Debug|Any CPU.Build.0 = Debug|Any CPU
		{AEBE236F-DE76-4A1F-988C-F38F955E522C}.Release|Any CPU.ActiveCfg = Release|Any CPU
		{AEBE236F-DE76-4A1F-988C-F38F955E522C}.Release|Any CPU.Build.0 = Release|Any CPU
		{98793062-A9D8-43D3-B57F-93216519E60C}.Debug|Any CPU.ActiveCfg = Debug|Any CPU
		{98793062-A9D8-43D3-B57F-93216519E60C}.Debug|Any CPU.Build.0 = Debug|Any CPU
		{98793062-A9D8-43D3-B57F-93216519E60C}.Release|Any CPU.ActiveCfg = Release|Any CPU
		{98793062-A9D8-43D3-B57F-93216519E60C}.Release|Any CPU.Build.0 = Release|Any CPU
	EndGlobalSection
	GlobalSection(SolutionProperties) = preSolution
		HideSolutionNode = FALSE
	EndGlobalSection
	GlobalSection(ExtensibilityGlobals) = postSolution
		SolutionGuid = {54B5AB59-FC0D-4BB3-A2BC-1A7C90D42205}
	EndGlobalSection
EndGlobal
