
Microsoft Visual Studio Solution File, Format Version 12.00
# Visual Studio Version 17
VisualStudioVersion = 17.2.32630.192
MinimumVisualStudioVersion = 10.0.40219.1
Project("{FAE04EC0-301F-11D3-BF4B-00C04F79EFBC}") = "Qinshift.Loops", "Qinshift.Loops\Qinshift.Loops.csproj", "{322323C5-0FD1-4213-A6AD-47DE41566D72}"
EndProject
Project("{FAE04EC0-301F-11D3-BF4B-00C04F79EFBC}") = "Qinshift.Array", "Qinshift.Array\Qinshift.Array.csproj", "{7A302B2A-0313-4D86-818E-125919C80118}"
EndProject
Global
	GlobalSection(SolutionConfigurationPlatforms) = preSolution
		Debug|Any CPU = Debug|Any CPU
		Release|Any CPU = Release|Any CPU
	EndGlobalSection
	GlobalSection(ProjectConfigurationPlatforms) = postSolution
		{322323C5-0FD1-4213-A6AD-47DE41566D72}.Debug|Any CPU.ActiveCfg = Debug|Any CPU
		{322323C5-0FD1-4213-A6AD-47DE41566D72}.Debug|Any CPU.Build.0 = Debug|Any CPU
		{322323C5-0FD1-4213-A6AD-47DE41566D72}.Release|Any CPU.ActiveCfg = Release|Any CPU
		{322323C5-0FD1-4213-A6AD-47DE41566D72}.Release|Any CPU.Build.0 = Release|Any CPU
		{7A302B2A-0313-4D86-818E-125919C80118}.Debug|Any CPU.ActiveCfg = Debug|Any CPU
		{7A302B2A-0313-4D86-818E-125919C80118}.Debug|Any CPU.Build.0 = Debug|Any CPU
		{7A302B2A-0313-4D86-818E-125919C80118}.Release|Any CPU.ActiveCfg = Release|Any CPU
		{7A302B2A-0313-4D86-818E-125919C80118}.Release|Any CPU.Build.0 = Release|Any CPU
	EndGlobalSection
	GlobalSection(SolutionProperties) = preSolution
		HideSolutionNode = FALSE
	EndGlobalSection
	GlobalSection(ExtensibilityGlobals) = postSolution
		SolutionGuid = {5E532BB0-83C5-46B7-9761-65AC00701BDE}
	EndGlobalSection
EndGlobal
