
Microsoft Visual Studio Solution File, Format Version 12.00
# Visual Studio Version 17
VisualStudioVersion = 17.7.34302.85
MinimumVisualStudioVersion = 10.0.40219.1
Project("{9A19103F-16F7-4668-BE54-9A1E7A4F7556}") = "Class09_DemoList", "Class09_DemoList\Class09_DemoList.csproj", "{01E54ABD-C70F-47EB-A1C1-05F17C223B13}"
EndProject
Project("{9A19103F-16F7-4668-BE54-9A1E7A4F7556}") = "Models", "Models\Models.csproj", "{707CBB00-6333-4CD6-A4D7-E86B27DD2C58}"
EndProject
Project("{FAE04EC0-301F-11D3-BF4B-00C04F79EFBC}") = "Class09_DemoDictionary", "Class09_DemoDictionary\Class09_DemoDictionary.csproj", "{5D943A53-2E0A-4509-AD50-43FD3BC82634}"
EndProject
Project("{FAE04EC0-301F-11D3-BF4B-00C04F79EFBC}") = "Class09_DemoQueue", "Class09_DemoQueue\Class09_DemoQueue.csproj", "{2BBEDBB7-0ADF-4E4E-9D03-9D97BB985A1A}"
EndProject
Project("{FAE04EC0-301F-11D3-BF4B-00C04F79EFBC}") = "Class09_DemoStack", "Class09_DemoStack\Class09_DemoStack.csproj", "{539C8D10-7843-42D3-A66E-7366C3166826}"
EndProject
Global
	GlobalSection(SolutionConfigurationPlatforms) = preSolution
		Debug|Any CPU = Debug|Any CPU
		Release|Any CPU = Release|Any CPU
	EndGlobalSection
	GlobalSection(ProjectConfigurationPlatforms) = postSolution
		{01E54ABD-C70F-47EB-A1C1-05F17C223B13}.Debug|Any CPU.ActiveCfg = Debug|Any CPU
		{01E54ABD-C70F-47EB-A1C1-05F17C223B13}.Debug|Any CPU.Build.0 = Debug|Any CPU
		{01E54ABD-C70F-47EB-A1C1-05F17C223B13}.Release|Any CPU.ActiveCfg = Release|Any CPU
		{01E54ABD-C70F-47EB-A1C1-05F17C223B13}.Release|Any CPU.Build.0 = Release|Any CPU
		{707CBB00-6333-4CD6-A4D7-E86B27DD2C58}.Debug|Any CPU.ActiveCfg = Debug|Any CPU
		{707CBB00-6333-4CD6-A4D7-E86B27DD2C58}.Debug|Any CPU.Build.0 = Debug|Any CPU
		{707CBB00-6333-4CD6-A4D7-E86B27DD2C58}.Release|Any CPU.ActiveCfg = Release|Any CPU
		{707CBB00-6333-4CD6-A4D7-E86B27DD2C58}.Release|Any CPU.Build.0 = Release|Any CPU
		{5D943A53-2E0A-4509-AD50-43FD3BC82634}.Debug|Any CPU.ActiveCfg = Debug|Any CPU
		{5D943A53-2E0A-4509-AD50-43FD3BC82634}.Debug|Any CPU.Build.0 = Debug|Any CPU
		{5D943A53-2E0A-4509-AD50-43FD3BC82634}.Release|Any CPU.ActiveCfg = Release|Any CPU
		{5D943A53-2E0A-4509-AD50-43FD3BC82634}.Release|Any CPU.Build.0 = Release|Any CPU
		{2BBEDBB7-0ADF-4E4E-9D03-9D97BB985A1A}.Debug|Any CPU.ActiveCfg = Debug|Any CPU
		{2BBEDBB7-0ADF-4E4E-9D03-9D97BB985A1A}.Debug|Any CPU.Build.0 = Debug|Any CPU
		{2BBEDBB7-0ADF-4E4E-9D03-9D97BB985A1A}.Release|Any CPU.ActiveCfg = Release|Any CPU
		{2BBEDBB7-0ADF-4E4E-9D03-9D97BB985A1A}.Release|Any CPU.Build.0 = Release|Any CPU
		{539C8D10-7843-42D3-A66E-7366C3166826}.Debug|Any CPU.ActiveCfg = Debug|Any CPU
		{539C8D10-7843-42D3-A66E-7366C3166826}.Debug|Any CPU.Build.0 = Debug|Any CPU
		{539C8D10-7843-42D3-A66E-7366C3166826}.Release|Any CPU.ActiveCfg = Release|Any CPU
		{539C8D10-7843-42D3-A66E-7366C3166826}.Release|Any CPU.Build.0 = Release|Any CPU
	EndGlobalSection
	GlobalSection(SolutionProperties) = preSolution
		HideSolutionNode = FALSE
	EndGlobalSection
	GlobalSection(ExtensibilityGlobals) = postSolution
		SolutionGuid = {94C832B4-B1AA-4A48-A9F2-45D3B3F536D6}
	EndGlobalSection
EndGlobal
