
Microsoft Visual Studio Solution File, Format Version 12.00
# Visual Studio Version 17
VisualStudioVersion = 17.7.34302.85
MinimumVisualStudioVersion = 10.0.40219.1
Project("{FAE04EC0-301F-11D3-BF4B-00C04F79EFBC}") = "StarsApp", "StarsApp\StarsApp.csproj", "{0128D603-8FC4-4A5E-B42B-F16040F72D0F}"
EndProject
Global
	GlobalSection(SolutionConfigurationPlatforms) = preSolution
		Debug|Any CPU = Debug|Any CPU
		Release|Any CPU = Release|Any CPU
	EndGlobalSection
	GlobalSection(ProjectConfigurationPlatforms) = postSolution
		{0128D603-8FC4-4A5E-B42B-F16040F72D0F}.Debug|Any CPU.ActiveCfg = Debug|Any CPU
		{0128D603-8FC4-4A5E-B42B-F16040F72D0F}.Debug|Any CPU.Build.0 = Debug|Any CPU
		{0128D603-8FC4-4A5E-B42B-F16040F72D0F}.Release|Any CPU.ActiveCfg = Release|Any CPU
		{0128D603-8FC4-4A5E-B42B-F16040F72D0F}.Release|Any CPU.Build.0 = Release|Any CPU
	EndGlobalSection
	GlobalSection(SolutionProperties) = preSolution
		HideSolutionNode = FALSE
	EndGlobalSection
	GlobalSection(ExtensibilityGlobals) = postSolution
		SolutionGuid = {730163D3-1223-4DF1-B95E-26F606B5FD43}
	EndGlobalSection
EndGlobal
