
Microsoft Visual Studio Solution File, Format Version 12.00
# Visual Studio Version 17
VisualStudioVersion = 17.8.34330.188
MinimumVisualStudioVersion = 10.0.40219.1
Project("{FAE04EC0-301F-11D3-BF4B-00C04F79EFBC}") = "SongsApp", "SongsApp\SongsApp.csproj", "{C4D83BEE-E3BC-4F12-AD5E-E44CE20A3988}"
EndProject
Project("{FAE04EC0-301F-11D3-BF4B-00C04F79EFBC}") = "SongsApp.Domain", "SongsApp.Domain\SongsApp.Domain.csproj", "{5226ECAA-5E06-45EC-8B19-609AB6C4A36B}"
EndProject
Project("{FAE04EC0-301F-11D3-BF4B-00C04F79EFBC}") = "ErrorHandling", "ErrorHandling\ErrorHandling.csproj", "{DD12760A-BDAB-413C-BA40-DFE4FD806100}"
EndProject
Project("{FAE04EC0-301F-11D3-BF4B-00C04F79EFBC}") = "MoviesApp", "MoviesApp\MoviesApp.csproj", "{22A44922-38A4-4F53-A567-93CF19894AF2}"
EndProject
Project("{FAE04EC0-301F-11D3-BF4B-00C04F79EFBC}") = "MoviesApp.Domain", "MoviesApp.Domain\MoviesApp.Domain.csproj", "{1308CC5F-A3C3-42CA-BE68-76D0CA60B31B}"
EndProject
Global
	GlobalSection(SolutionConfigurationPlatforms) = preSolution
		Debug|Any CPU = Debug|Any CPU
		Release|Any CPU = Release|Any CPU
	EndGlobalSection
	GlobalSection(ProjectConfigurationPlatforms) = postSolution
		{C4D83BEE-E3BC-4F12-AD5E-E44CE20A3988}.Debug|Any CPU.ActiveCfg = Debug|Any CPU
		{C4D83BEE-E3BC-4F12-AD5E-E44CE20A3988}.Debug|Any CPU.Build.0 = Debug|Any CPU
		{C4D83BEE-E3BC-4F12-AD5E-E44CE20A3988}.Release|Any CPU.ActiveCfg = Release|Any CPU
		{C4D83BEE-E3BC-4F12-AD5E-E44CE20A3988}.Release|Any CPU.Build.0 = Release|Any CPU
		{5226ECAA-5E06-45EC-8B19-609AB6C4A36B}.Debug|Any CPU.ActiveCfg = Debug|Any CPU
		{5226ECAA-5E06-45EC-8B19-609AB6C4A36B}.Debug|Any CPU.Build.0 = Debug|Any CPU
		{5226ECAA-5E06-45EC-8B19-609AB6C4A36B}.Release|Any CPU.ActiveCfg = Release|Any CPU
		{5226ECAA-5E06-45EC-8B19-609AB6C4A36B}.Release|Any CPU.Build.0 = Release|Any CPU
		{DD12760A-BDAB-413C-BA40-DFE4FD806100}.Debug|Any CPU.ActiveCfg = Debug|Any CPU
		{DD12760A-BDAB-413C-BA40-DFE4FD806100}.Debug|Any CPU.Build.0 = Debug|Any CPU
		{DD12760A-BDAB-413C-BA40-DFE4FD806100}.Release|Any CPU.ActiveCfg = Release|Any CPU
		{DD12760A-BDAB-413C-BA40-DFE4FD806100}.Release|Any CPU.Build.0 = Release|Any CPU
		{22A44922-38A4-4F53-A567-93CF19894AF2}.Debug|Any CPU.ActiveCfg = Debug|Any CPU
		{22A44922-38A4-4F53-A567-93CF19894AF2}.Debug|Any CPU.Build.0 = Debug|Any CPU
		{22A44922-38A4-4F53-A567-93CF19894AF2}.Release|Any CPU.ActiveCfg = Release|Any CPU
		{22A44922-38A4-4F53-A567-93CF19894AF2}.Release|Any CPU.Build.0 = Release|Any CPU
		{1308CC5F-A3C3-42CA-BE68-76D0CA60B31B}.Debug|Any CPU.ActiveCfg = Debug|Any CPU
		{1308CC5F-A3C3-42CA-BE68-76D0CA60B31B}.Debug|Any CPU.Build.0 = Debug|Any CPU
		{1308CC5F-A3C3-42CA-BE68-76D0CA60B31B}.Release|Any CPU.ActiveCfg = Release|Any CPU
		{1308CC5F-A3C3-42CA-BE68-76D0CA60B31B}.Release|Any CPU.Build.0 = Release|Any CPU
	EndGlobalSection
	GlobalSection(SolutionProperties) = preSolution
		HideSolutionNode = FALSE
	EndGlobalSection
	GlobalSection(ExtensibilityGlobals) = postSolution
		SolutionGuid = {52168F72-FFF3-476F-9FF9-FF650F1EBA65}
	EndGlobalSection
EndGlobal
