
Microsoft Visual Studio Solution File, Format Version 12.00
# Visual Studio Version 17
VisualStudioVersion = 17.7.34302.85
MinimumVisualStudioVersion = 10.0.40219.1
Project("{FAE04EC0-301F-11D3-BF4B-00C04F79EFBC}") = "Class03_Demo02", "Class03_Demo02\Class03_Demo02.csproj", "{5DFE8090-7255-400B-A7B2-AB670188D08F}"
EndProject
Global
	GlobalSection(SolutionConfigurationPlatforms) = preSolution
		Debug|Any CPU = Debug|Any CPU
		Release|Any CPU = Release|Any CPU
	EndGlobalSection
	GlobalSection(ProjectConfigurationPlatforms) = postSolution
		{5DFE8090-7255-400B-A7B2-AB670188D08F}.Debug|Any CPU.ActiveCfg = Debug|Any CPU
		{5DFE8090-7255-400B-A7B2-AB670188D08F}.Debug|Any CPU.Build.0 = Debug|Any CPU
		{5DFE8090-7255-400B-A7B2-AB670188D08F}.Release|Any CPU.ActiveCfg = Release|Any CPU
		{5DFE8090-7255-400B-A7B2-AB670188D08F}.Release|Any CPU.Build.0 = Release|Any CPU
	EndGlobalSection
	GlobalSection(SolutionProperties) = preSolution
		HideSolutionNode = FALSE
	EndGlobalSection
	GlobalSection(ExtensibilityGlobals) = postSolution
		SolutionGuid = {34964F45-859B-4DF4-8873-0BEF8E326027}
	EndGlobalSection
EndGlobal
