
Microsoft Visual Studio Solution File, Format Version 12.00
# Visual Studio Version 17
VisualStudioVersion = 17.7.34302.85
MinimumVisualStudioVersion = 10.0.40219.1
Project("{FAE04EC0-301F-11D3-BF4B-00C04F79EFBC}") = "Class03_Demo", "Class03_Demo\Class03_Demo.csproj", "{19A0A465-8D89-4D29-8775-33755CFE8F1F}"
EndProject
Global
	GlobalSection(SolutionConfigurationPlatforms) = preSolution
		Debug|Any CPU = Debug|Any CPU
		Release|Any CPU = Release|Any CPU
	EndGlobalSection
	GlobalSection(ProjectConfigurationPlatforms) = postSolution
		{19A0A465-8D89-4D29-8775-33755CFE8F1F}.Debug|Any CPU.ActiveCfg = Debug|Any CPU
		{19A0A465-8D89-4D29-8775-33755CFE8F1F}.Debug|Any CPU.Build.0 = Debug|Any CPU
		{19A0A465-8D89-4D29-8775-33755CFE8F1F}.Release|Any CPU.ActiveCfg = Release|Any CPU
		{19A0A465-8D89-4D29-8775-33755CFE8F1F}.Release|Any CPU.Build.0 = Release|Any CPU
	EndGlobalSection
	GlobalSection(SolutionProperties) = preSolution
		HideSolutionNode = FALSE
	EndGlobalSection
	GlobalSection(ExtensibilityGlobals) = postSolution
		SolutionGuid = {4003FFCF-51F1-41AB-BEE7-F7A39025655B}
	EndGlobalSection
EndGlobal
