
Microsoft Visual Studio Solution File, Format Version 12.00
# Visual Studio Version 17
VisualStudioVersion = 17.9.34607.119
MinimumVisualStudioVersion = 10.0.40219.1
Project("{FAE04EC0-301F-11D3-BF4B-00C04F79EFBC}") = "DataTypes", "DataTypes\DataTypes.csproj", "{F4C4C9F2-C8F7-4AED-94D3-0CF74E4E2898}"
EndProject
Project("{FAE04EC0-301F-11D3-BF4B-00C04F79EFBC}") = "Exercises", "Exercises\Exercises.csproj", "{B725E8F9-2492-4320-BA7D-7BCBAD94B190}"
EndProject
Project("{FAE04EC0-301F-11D3-BF4B-00C04F79EFBC}") = "DataEntryAndConversion", "DataEntryAndConversion\DataEntryAndConversion.csproj", "{B6D333AB-AEC6-46B5-8F92-E9C812D41033}"
EndProject
Project("{FAE04EC0-301F-11D3-BF4B-00C04F79EFBC}") = "Conditionals", "Conditionals\Conditionals.csproj", "{767882F6-EDDC-4D5D-BF22-240A9D7E5A7E}"
EndProject
Global
	GlobalSection(SolutionConfigurationPlatforms) = preSolution
		Debug|Any CPU = Debug|Any CPU
		Release|Any CPU = Release|Any CPU
	EndGlobalSection
	GlobalSection(ProjectConfigurationPlatforms) = postSolution
		{F4C4C9F2-C8F7-4AED-94D3-0CF74E4E2898}.Debug|Any CPU.ActiveCfg = Debug|Any CPU
		{F4C4C9F2-C8F7-4AED-94D3-0CF74E4E2898}.Debug|Any CPU.Build.0 = Debug|Any CPU
		{F4C4C9F2-C8F7-4AED-94D3-0CF74E4E2898}.Release|Any CPU.ActiveCfg = Release|Any CPU
		{F4C4C9F2-C8F7-4AED-94D3-0CF74E4E2898}.Release|Any CPU.Build.0 = Release|Any CPU
		{B725E8F9-2492-4320-BA7D-7BCBAD94B190}.Debug|Any CPU.ActiveCfg = Debug|Any CPU
		{B725E8F9-2492-4320-BA7D-7BCBAD94B190}.Debug|Any CPU.Build.0 = Debug|Any CPU
		{B725E8F9-2492-4320-BA7D-7BCBAD94B190}.Release|Any CPU.ActiveCfg = Release|Any CPU
		{B725E8F9-2492-4320-BA7D-7BCBAD94B190}.Release|Any CPU.Build.0 = Release|Any CPU
		{B6D333AB-AEC6-46B5-8F92-E9C812D41033}.Debug|Any CPU.ActiveCfg = Debug|Any CPU
		{B6D333AB-AEC6-46B5-8F92-E9C812D41033}.Debug|Any CPU.Build.0 = Debug|Any CPU
		{B6D333AB-AEC6-46B5-8F92-E9C812D41033}.Release|Any CPU.ActiveCfg = Release|Any CPU
		{B6D333AB-AEC6-46B5-8F92-E9C812D41033}.Release|Any CPU.Build.0 = Release|Any CPU
		{767882F6-EDDC-4D5D-BF22-240A9D7E5A7E}.Debug|Any CPU.ActiveCfg = Debug|Any CPU
		{767882F6-EDDC-4D5D-BF22-240A9D7E5A7E}.Debug|Any CPU.Build.0 = Debug|Any CPU
		{767882F6-EDDC-4D5D-BF22-240A9D7E5A7E}.Release|Any CPU.ActiveCfg = Release|Any CPU
		{767882F6-EDDC-4D5D-BF22-240A9D7E5A7E}.Release|Any CPU.Build.0 = Release|Any CPU
	EndGlobalSection
	GlobalSection(SolutionProperties) = preSolution
		HideSolutionNode = FALSE
	EndGlobalSection
	GlobalSection(ExtensibilityGlobals) = postSolution
		SolutionGuid = {9D560B5E-B6EB-407F-B1F4-3EE1C70C4D56}
	EndGlobalSection
EndGlobal
