
Microsoft Visual Studio Solution File, Format Version 12.00
# Visual Studio Version 17
VisualStudioVersion = 17.7.34302.85
MinimumVisualStudioVersion = 10.0.40219.1
Project("{FAE04EC0-301F-11D3-BF4B-00C04F79EFBC}") = "Class02_Exercise06", "Class02_Exercise06\Class02_Exercise06.csproj", "{01C884CC-9F31-441D-BE40-676736F0361C}"
EndProject
Global
	GlobalSection(SolutionConfigurationPlatforms) = preSolution
		Debug|Any CPU = Debug|Any CPU
		Release|Any CPU = Release|Any CPU
	EndGlobalSection
	GlobalSection(ProjectConfigurationPlatforms) = postSolution
		{01C884CC-9F31-441D-BE40-676736F0361C}.Debug|Any CPU.ActiveCfg = Debug|Any CPU
		{01C884CC-9F31-441D-BE40-676736F0361C}.Debug|Any CPU.Build.0 = Debug|Any CPU
		{01C884CC-9F31-441D-BE40-676736F0361C}.Release|Any CPU.ActiveCfg = Release|Any CPU
		{01C884CC-9F31-441D-BE40-676736F0361C}.Release|Any CPU.Build.0 = Release|Any CPU
	EndGlobalSection
	GlobalSection(SolutionProperties) = preSolution
		HideSolutionNode = FALSE
	EndGlobalSection
	GlobalSection(ExtensibilityGlobals) = postSolution
		SolutionGuid = {F7F97F2A-1127-4D79-8298-FCEC8D417F22}
	EndGlobalSection
EndGlobal
