
Microsoft Visual Studio Solution File, Format Version 12.00
# Visual Studio Version 17
VisualStudioVersion = 17.7.34302.85
MinimumVisualStudioVersion = 10.0.40219.1
Project("{FAE04EC0-301F-11D3-BF4B-00C04F79EFBC}") = "Class02_Exercise02", "Class02_Exercise02\Class02_Exercise02.csproj", "{90A760A1-9F31-4F30-A060-7580EFF4A0B8}"
EndProject
Global
	GlobalSection(SolutionConfigurationPlatforms) = preSolution
		Debug|Any CPU = Debug|Any CPU
		Release|Any CPU = Release|Any CPU
	EndGlobalSection
	GlobalSection(ProjectConfigurationPlatforms) = postSolution
		{90A760A1-9F31-4F30-A060-7580EFF4A0B8}.Debug|Any CPU.ActiveCfg = Debug|Any CPU
		{90A760A1-9F31-4F30-A060-7580EFF4A0B8}.Debug|Any CPU.Build.0 = Debug|Any CPU
		{90A760A1-9F31-4F30-A060-7580EFF4A0B8}.Release|Any CPU.ActiveCfg = Release|Any CPU
		{90A760A1-9F31-4F30-A060-7580EFF4A0B8}.Release|Any CPU.Build.0 = Release|Any CPU
	EndGlobalSection
	GlobalSection(SolutionProperties) = preSolution
		HideSolutionNode = FALSE
	EndGlobalSection
	GlobalSection(ExtensibilityGlobals) = postSolution
		SolutionGuid = {CB071524-CF95-4BA4-BCD1-BB0111D88666}
	EndGlobalSection
EndGlobal
