
Microsoft Visual Studio Solution File, Format Version 12.00
# Visual Studio Version 17
VisualStudioVersion = 17.9.34616.47
MinimumVisualStudioVersion = 10.0.40219.1
Project("{FAE04EC0-301F-11D3-BF4B-00C04F79EFBC}") = "QinshiftAcademy.OurFirstApplication", "QinshiftAcademy.OurFirstApplication\QinshiftAcademy.OurFirstApplication.csproj", "{8614F08E-4A43-4729-A42A-0052738DCDF8}"
EndProject
Global
	GlobalSection(SolutionConfigurationPlatforms) = preSolution
		Debug|Any CPU = Debug|Any CPU
		Release|Any CPU = Release|Any CPU
	EndGlobalSection
	GlobalSection(ProjectConfigurationPlatforms) = postSolution
		{8614F08E-4A43-4729-A42A-0052738DCDF8}.Debug|Any CPU.ActiveCfg = Debug|Any CPU
		{8614F08E-4A43-4729-A42A-0052738DCDF8}.Debug|Any CPU.Build.0 = Debug|Any CPU
		{8614F08E-4A43-4729-A42A-0052738DCDF8}.Release|Any CPU.ActiveCfg = Release|Any CPU
		{8614F08E-4A43-4729-A42A-0052738DCDF8}.Release|Any CPU.Build.0 = Release|Any CPU
	EndGlobalSection
	GlobalSection(SolutionProperties) = preSolution
		HideSolutionNode = FALSE
	EndGlobalSection
	GlobalSection(ExtensibilityGlobals) = postSolution
		SolutionGuid = {EE2CA69F-4A66-47E8-82D0-6312F5867B99}
	EndGlobalSection
EndGlobal
