
Microsoft Visual Studio Solution File, Format Version 12.00
# Visual Studio Version 17
VisualStudioVersion = 17.8.34330.188
MinimumVisualStudioVersion = 10.0.40219.1
Project("{FAE04EC0-301F-11D3-BF4B-00C04F79EFBC}") = "Arrays", "Arrays\Arrays.csproj", "{CA26C68D-E91D-46B2-9E9A-0FBE6575C0FD}"
EndProject
Project("{FAE04EC0-301F-11D3-BF4B-00C04F79EFBC}") = "Class03_Exercise04", "Class03_Exercise01\Class03_Exercise04.csproj", "{528F0764-5FFD-4BCB-A2B0-B5B0C858CF25}"
EndProject
Project("{FAE04EC0-301F-11D3-BF4B-00C04F79EFBC}") = "Class03_Exercise05", "Class03_Exercise05\Class03_Exercise05.csproj", "{5FDD59EA-6504-4280-8A41-A6A32EAFF967}"
EndProject
Project("{FAE04EC0-301F-11D3-BF4B-00C04F79EFBC}") = "Class03_Exercise06", "Class03_Exercise06\Class03_Exercise06.csproj", "{0A66AC8F-D1A0-40F4-A883-35230C575347}"
EndProject
Project("{FAE04EC0-301F-11D3-BF4B-00C04F79EFBC}") = "Methods", "Methods\Methods.csproj", "{CE654480-48C3-41EE-A30D-FD922A01A615}"
EndProject
Project("{FAE04EC0-301F-11D3-BF4B-00C04F79EFBC}") = "Exercise01", "Exercise01\Exercise01.csproj", "{3360076C-1B6F-4189-9A93-62AD8D94F99C}"
EndProject
Project("{FAE04EC0-301F-11D3-BF4B-00C04F79EFBC}") = "Strings", "Strings\Strings.csproj", "{B40964DF-4AA7-4E93-92C1-7F45F6C4AF58}"
EndProject
Global
	GlobalSection(SolutionConfigurationPlatforms) = preSolution
		Debug|Any CPU = Debug|Any CPU
		Release|Any CPU = Release|Any CPU
	EndGlobalSection
	GlobalSection(ProjectConfigurationPlatforms) = postSolution
		{CA26C68D-E91D-46B2-9E9A-0FBE6575C0FD}.Debug|Any CPU.ActiveCfg = Debug|Any CPU
		{CA26C68D-E91D-46B2-9E9A-0FBE6575C0FD}.Debug|Any CPU.Build.0 = Debug|Any CPU
		{CA26C68D-E91D-46B2-9E9A-0FBE6575C0FD}.Release|Any CPU.ActiveCfg = Release|Any CPU
		{CA26C68D-E91D-46B2-9E9A-0FBE6575C0FD}.Release|Any CPU.Build.0 = Release|Any CPU
		{528F0764-5FFD-4BCB-A2B0-B5B0C858CF25}.Debug|Any CPU.ActiveCfg = Debug|Any CPU
		{528F0764-5FFD-4BCB-A2B0-B5B0C858CF25}.Debug|Any CPU.Build.0 = Debug|Any CPU
		{528F0764-5FFD-4BCB-A2B0-B5B0C858CF25}.Release|Any CPU.ActiveCfg = Release|Any CPU
		{528F0764-5FFD-4BCB-A2B0-B5B0C858CF25}.Release|Any CPU.Build.0 = Release|Any CPU
		{5FDD59EA-6504-4280-8A41-A6A32EAFF967}.Debug|Any CPU.ActiveCfg = Debug|Any CPU
		{5FDD59EA-6504-4280-8A41-A6A32EAFF967}.Debug|Any CPU.Build.0 = Debug|Any CPU
		{5FDD59EA-6504-4280-8A41-A6A32EAFF967}.Release|Any CPU.ActiveCfg = Release|Any CPU
		{5FDD59EA-6504-4280-8A41-A6A32EAFF967}.Release|Any CPU.Build.0 = Release|Any CPU
		{0A66AC8F-D1A0-40F4-A883-35230C575347}.Debug|Any CPU.ActiveCfg = Debug|Any CPU
		{0A66AC8F-D1A0-40F4-A883-35230C575347}.Debug|Any CPU.Build.0 = Debug|Any CPU
		{0A66AC8F-D1A0-40F4-A883-35230C575347}.Release|Any CPU.ActiveCfg = Release|Any CPU
		{0A66AC8F-D1A0-40F4-A883-35230C575347}.Release|Any CPU.Build.0 = Release|Any CPU
		{CE654480-48C3-41EE-A30D-FD922A01A615}.Debug|Any CPU.ActiveCfg = Debug|Any CPU
		{CE654480-48C3-41EE-A30D-FD922A01A615}.Debug|Any CPU.Build.0 = Debug|Any CPU
		{CE654480-48C3-41EE-A30D-FD922A01A615}.Release|Any CPU.ActiveCfg = Release|Any CPU
		{CE654480-48C3-41EE-A30D-FD922A01A615}.Release|Any CPU.Build.0 = Release|Any CPU
		{3360076C-1B6F-4189-9A93-62AD8D94F99C}.Debug|Any CPU.ActiveCfg = Debug|Any CPU
		{3360076C-1B6F-4189-9A93-62AD8D94F99C}.Debug|Any CPU.Build.0 = Debug|Any CPU
		{3360076C-1B6F-4189-9A93-62AD8D94F99C}.Release|Any CPU.ActiveCfg = Release|Any CPU
		{3360076C-1B6F-4189-9A93-62AD8D94F99C}.Release|Any CPU.Build.0 = Release|Any CPU
		{B40964DF-4AA7-4E93-92C1-7F45F6C4AF58}.Debug|Any CPU.ActiveCfg = Debug|Any CPU
		{B40964DF-4AA7-4E93-92C1-7F45F6C4AF58}.Debug|Any CPU.Build.0 = Debug|Any CPU
		{B40964DF-4AA7-4E93-92C1-7F45F6C4AF58}.Release|Any CPU.ActiveCfg = Release|Any CPU
		{B40964DF-4AA7-4E93-92C1-7F45F6C4AF58}.Release|Any CPU.Build.0 = Release|Any CPU
	EndGlobalSection
	GlobalSection(SolutionProperties) = preSolution
		HideSolutionNode = FALSE
	EndGlobalSection
	GlobalSection(ExtensibilityGlobals) = postSolution
		SolutionGuid = {1F0549AB-28C6-4E42-8812-24D1A77D0B78}
	EndGlobalSection
EndGlobal
