
Microsoft Visual Studio Solution File, Format Version 12.00
# Visual Studio Version 17
VisualStudioVersion = 17.9.34616.47
MinimumVisualStudioVersion = 10.0.40219.1
Project("{FAE04EC0-301F-11D3-BF4B-00C04F79EFBC}") = "QinshiftAcademy.AnotherConsoleApp", "QinshiftAcademy.AnotherConsoleApp\QinshiftAcademy.AnotherConsoleApp.csproj", "{D27E9F34-493C-4119-AE56-DDB4B8FE22C8}"
EndProject
Global
	GlobalSection(SolutionConfigurationPlatforms) = preSolution
		Debug|Any CPU = Debug|Any CPU
		Release|Any CPU = Release|Any CPU
	EndGlobalSection
	GlobalSection(ProjectConfigurationPlatforms) = postSolution
		{D27E9F34-493C-4119-AE56-DDB4B8FE22C8}.Debug|Any CPU.ActiveCfg = Debug|Any CPU
		{D27E9F34-493C-4119-AE56-DDB4B8FE22C8}.Debug|Any CPU.Build.0 = Debug|Any CPU
		{D27E9F34-493C-4119-AE56-DDB4B8FE22C8}.Release|Any CPU.ActiveCfg = Release|Any CPU
		{D27E9F34-493C-4119-AE56-DDB4B8FE22C8}.Release|Any CPU.Build.0 = Release|Any CPU
	EndGlobalSection
	GlobalSection(SolutionProperties) = preSolution
		HideSolutionNode = FALSE
	EndGlobalSection
	GlobalSection(ExtensibilityGlobals) = postSolution
		SolutionGuid = {2035711B-2118-4CC2-9BE6-85154E27ECCC}
	EndGlobalSection
EndGlobal
