
Microsoft Visual Studio Solution File, Format Version 12.00
# Visual Studio Version 17
VisualStudioVersion = 17.9.34616.47
MinimumVisualStudioVersion = 10.0.40219.1
Project("{FAE04EC0-301F-11D3-BF4B-00C04F79EFBC}") = "QinshiftAcademy.Class09.LINQ", "QinshiftAcademy.Class09.LINQ\QinshiftAcademy.Class09.LINQ.csproj", "{76CA16D2-3269-4B28-98EF-09173BF7A0F1}"
EndProject
Project("{FAE04EC0-301F-11D3-BF4B-00C04F79EFBC}") = "QinshiftAcademy.Class09.ErrorHandling", "QinshiftAcademy.Class09.ErrorHandling\QinshiftAcademy.Class09.ErrorHandling.csproj", "{07AD8D1B-578B-4FB9-A050-47EB493E7E68}"
EndProject
Global
	GlobalSection(SolutionConfigurationPlatforms) = preSolution
		Debug|Any CPU = Debug|Any CPU
		Release|Any CPU = Release|Any CPU
	EndGlobalSection
	GlobalSection(ProjectConfigurationPlatforms) = postSolution
		{76CA16D2-3269-4B28-98EF-09173BF7A0F1}.Debug|Any CPU.ActiveCfg = Debug|Any CPU
		{76CA16D2-3269-4B28-98EF-09173BF7A0F1}.Debug|Any CPU.Build.0 = Debug|Any CPU
		{76CA16D2-3269-4B28-98EF-09173BF7A0F1}.Release|Any CPU.ActiveCfg = Release|Any CPU
		{76CA16D2-3269-4B28-98EF-09173BF7A0F1}.Release|Any CPU.Build.0 = Release|Any CPU
		{07AD8D1B-578B-4FB9-A050-47EB493E7E68}.Debug|Any CPU.ActiveCfg = Debug|Any CPU
		{07AD8D1B-578B-4FB9-A050-47EB493E7E68}.Debug|Any CPU.Build.0 = Debug|Any CPU
		{07AD8D1B-578B-4FB9-A050-47EB493E7E68}.Release|Any CPU.ActiveCfg = Release|Any CPU
		{07AD8D1B-578B-4FB9-A050-47EB493E7E68}.Release|Any CPU.Build.0 = Release|Any CPU
	EndGlobalSection
	GlobalSection(SolutionProperties) = preSolution
		HideSolutionNode = FALSE
	EndGlobalSection
	GlobalSection(ExtensibilityGlobals) = postSolution
		SolutionGuid = {B504B3A5-34FA-450D-85AC-5C702DF22212}
	EndGlobalSection
EndGlobal
