
Microsoft Visual Studio Solution File, Format Version 12.00
# Visual Studio Version 17
VisualStudioVersion = 17.2.32630.192
MinimumVisualStudioVersion = 10.0.40219.1
Project("{FAE04EC0-301F-11D3-BF4B-00C04F79EFBC}") = "Qinshift.Exception", "Qinshift.Exception\Qinshift.Exception.csproj", "{4824E188-541A-4B11-9D60-21A1266D25F3}"
EndProject
Project("{FAE04EC0-301F-11D3-BF4B-00C04F79EFBC}") = "Qinshift.Domain", "Qinshift.Domain\Qinshift.Domain.csproj", "{6EC081F3-2677-4D63-B512-393E4CE8897F}"
EndProject
Global
	GlobalSection(SolutionConfigurationPlatforms) = preSolution
		Debug|Any CPU = Debug|Any CPU
		Release|Any CPU = Release|Any CPU
	EndGlobalSection
	GlobalSection(ProjectConfigurationPlatforms) = postSolution
		{4824E188-541A-4B11-9D60-21A1266D25F3}.Debug|Any CPU.ActiveCfg = Debug|Any CPU
		{4824E188-541A-4B11-9D60-21A1266D25F3}.Debug|Any CPU.Build.0 = Debug|Any CPU
		{4824E188-541A-4B11-9D60-21A1266D25F3}.Release|Any CPU.ActiveCfg = Release|Any CPU
		{4824E188-541A-4B11-9D60-21A1266D25F3}.Release|Any CPU.Build.0 = Release|Any CPU
		{6EC081F3-2677-4D63-B512-393E4CE8897F}.Debug|Any CPU.ActiveCfg = Debug|Any CPU
		{6EC081F3-2677-4D63-B512-393E4CE8897F}.Debug|Any CPU.Build.0 = Debug|Any CPU
		{6EC081F3-2677-4D63-B512-393E4CE8897F}.Release|Any CPU.ActiveCfg = Release|Any CPU
		{6EC081F3-2677-4D63-B512-393E4CE8897F}.Release|Any CPU.Build.0 = Release|Any CPU
	EndGlobalSection
	GlobalSection(SolutionProperties) = preSolution
		HideSolutionNode = FALSE
	EndGlobalSection
	GlobalSection(ExtensibilityGlobals) = postSolution
		SolutionGuid = {141DE301-9ED3-4024-905E-3A874DB3D914}
	EndGlobalSection
EndGlobal
