
Microsoft Visual Studio Solution File, Format Version 12.00
# Visual Studio Version 17
VisualStudioVersion = 17.8.34330.188
MinimumVisualStudioVersion = 10.0.40219.1
Project("{FAE04EC0-301F-11D3-BF4B-00C04F79EFBC}") = "DataTypes", "DataTypes\DataTypes.csproj", "{57A25F1A-D603-412E-B575-5278FA1D334B}"
EndProject
Project("{FAE04EC0-301F-11D3-BF4B-00C04F79EFBC}") = "Exercise01", "Exercise01\Exercise01.csproj", "{2816A4EA-7987-449A-AFA8-0BA4F292FF97}"
EndProject
Project("{FAE04EC0-301F-11D3-BF4B-00C04F79EFBC}") = "Exercise02", "Exercise02\Exercise02.csproj", "{E433AF11-18AE-4734-A4AE-306897C55723}"
EndProject
Project("{FAE04EC0-301F-11D3-BF4B-00C04F79EFBC}") = "Exercise03", "Exercise03\Exercise03.csproj", "{24F1A39D-CCEE-4AA3-88B1-2DDD128F81B9}"
EndProject
Project("{FAE04EC0-301F-11D3-BF4B-00C04F79EFBC}") = "Exercise04", "Exercise04\Exercise04.csproj", "{69E69C55-BB89-403D-81DD-75BF83066D1F}"
EndProject
Project("{FAE04EC0-301F-11D3-BF4B-00C04F79EFBC}") = "DataEntry", "DataEntry\DataEntry.csproj", "{4BB38F5A-A2A1-417A-B131-DA2F89B6DDFD}"
EndProject
Project("{FAE04EC0-301F-11D3-BF4B-00C04F79EFBC}") = "Conversion", "Conversion\Conversion.csproj", "{37725D01-2926-47D0-A579-1F9720455085}"
EndProject
Global
	GlobalSection(SolutionConfigurationPlatforms) = preSolution
		Debug|Any CPU = Debug|Any CPU
		Release|Any CPU = Release|Any CPU
	EndGlobalSection
	GlobalSection(ProjectConfigurationPlatforms) = postSolution
		{57A25F1A-D603-412E-B575-5278FA1D334B}.Debug|Any CPU.ActiveCfg = Debug|Any CPU
		{57A25F1A-D603-412E-B575-5278FA1D334B}.Debug|Any CPU.Build.0 = Debug|Any CPU
		{57A25F1A-D603-412E-B575-5278FA1D334B}.Release|Any CPU.ActiveCfg = Release|Any CPU
		{57A25F1A-D603-412E-B575-5278FA1D334B}.Release|Any CPU.Build.0 = Release|Any CPU
		{2816A4EA-7987-449A-AFA8-0BA4F292FF97}.Debug|Any CPU.ActiveCfg = Debug|Any CPU
		{2816A4EA-7987-449A-AFA8-0BA4F292FF97}.Debug|Any CPU.Build.0 = Debug|Any CPU
		{2816A4EA-7987-449A-AFA8-0BA4F292FF97}.Release|Any CPU.ActiveCfg = Release|Any CPU
		{2816A4EA-7987-449A-AFA8-0BA4F292FF97}.Release|Any CPU.Build.0 = Release|Any CPU
		{E433AF11-18AE-4734-A4AE-306897C55723}.Debug|Any CPU.ActiveCfg = Debug|Any CPU
		{E433AF11-18AE-4734-A4AE-306897C55723}.Debug|Any CPU.Build.0 = Debug|Any CPU
		{E433AF11-18AE-4734-A4AE-306897C55723}.Release|Any CPU.ActiveCfg = Release|Any CPU
		{E433AF11-18AE-4734-A4AE-306897C55723}.Release|Any CPU.Build.0 = Release|Any CPU
		{24F1A39D-CCEE-4AA3-88B1-2DDD128F81B9}.Debug|Any CPU.ActiveCfg = Debug|Any CPU
		{24F1A39D-CCEE-4AA3-88B1-2DDD128F81B9}.Debug|Any CPU.Build.0 = Debug|Any CPU
		{24F1A39D-CCEE-4AA3-88B1-2DDD128F81B9}.Release|Any CPU.ActiveCfg = Release|Any CPU
		{24F1A39D-CCEE-4AA3-88B1-2DDD128F81B9}.Release|Any CPU.Build.0 = Release|Any CPU
		{69E69C55-BB89-403D-81DD-75BF83066D1F}.Debug|Any CPU.ActiveCfg = Debug|Any CPU
		{69E69C55-BB89-403D-81DD-75BF83066D1F}.Debug|Any CPU.Build.0 = Debug|Any CPU
		{69E69C55-BB89-403D-81DD-75BF83066D1F}.Release|Any CPU.ActiveCfg = Release|Any CPU
		{69E69C55-BB89-403D-81DD-75BF83066D1F}.Release|Any CPU.Build.0 = Release|Any CPU
		{4BB38F5A-A2A1-417A-B131-DA2F89B6DDFD}.Debug|Any CPU.ActiveCfg = Debug|Any CPU
		{4BB38F5A-A2A1-417A-B131-DA2F89B6DDFD}.Debug|Any CPU.Build.0 = Debug|Any CPU
		{4BB38F5A-A2A1-417A-B131-DA2F89B6DDFD}.Release|Any CPU.ActiveCfg = Release|Any CPU
		{4BB38F5A-A2A1-417A-B131-DA2F89B6DDFD}.Release|Any CPU.Build.0 = Release|Any CPU
		{37725D01-2926-47D0-A579-1F9720455085}.Debug|Any CPU.ActiveCfg = Debug|Any CPU
		{37725D01-2926-47D0-A579-1F9720455085}.Debug|Any CPU.Build.0 = Debug|Any CPU
		{37725D01-2926-47D0-A579-1F9720455085}.Release|Any CPU.ActiveCfg = Release|Any CPU
		{37725D01-2926-47D0-A579-1F9720455085}.Release|Any CPU.Build.0 = Release|Any CPU
	EndGlobalSection
	GlobalSection(SolutionProperties) = preSolution
		HideSolutionNode = FALSE
	EndGlobalSection
	GlobalSection(ExtensibilityGlobals) = postSolution
		SolutionGuid = {2085E445-8ABA-4462-A51D-E3EB8C105E05}
	EndGlobalSection
EndGlobal
