
Microsoft Visual Studio Solution File, Format Version 12.00
# Visual Studio Version 17
VisualStudioVersion = 17.9.34616.47
MinimumVisualStudioVersion = 10.0.40219.1
Project("{FAE04EC0-301F-11D3-BF4B-00C04F79EFBC}") = "QinshiftAcademy.Class03.Branching", "QinshiftAcademy.Class03.Branching\QinshiftAcademy.Class03.Branching.csproj", "{78DF150D-8B88-44F4-8274-2DEB0EFF17EC}"
EndProject
Project("{FAE04EC0-301F-11D3-BF4B-00C04F79EFBC}") = "QinshiftAcademy.Class03.BranchingExercises", "QinshiftAcademy.Class03.BranchingExercises\QinshiftAcademy.Class03.BranchingExercises.csproj", "{A016A1B1-CBD6-404E-90D8-D82660FFA53D}"
EndProject
Project("{FAE04EC0-301F-11D3-BF4B-00C04F79EFBC}") = "QinshiftAcademy.Class03.Loops", "QinshiftAcademy.Class03.Loops\QinshiftAcademy.Class03.Loops.csproj", "{71C8D144-D4EF-41DA-8F4F-84403B1FE106}"
EndProject
Project("{FAE04EC0-301F-11D3-BF4B-00C04F79EFBC}") = "QinshiftAcademy.Class03.LoopsExercise3", "QinshiftAcademy.Class03.LoopsExercise3\QinshiftAcademy.Class03.LoopsExercise3.csproj", "{1D5DFAC5-862C-490F-B184-32D0F72E376A}"
EndProject
Project("{FAE04EC0-301F-11D3-BF4B-00C04F79EFBC}") = "QinshiftAcademy.Class03.Arrays", "QinshiftAcademy.Class03.Arrays\QinshiftAcademy.Class03.Arrays.csproj", "{3461B336-C768-42A1-959A-A53D8083B6CC}"
EndProject
Global
	GlobalSection(SolutionConfigurationPlatforms) = preSolution
		Debug|Any CPU = Debug|Any CPU
		Release|Any CPU = Release|Any CPU
	EndGlobalSection
	GlobalSection(ProjectConfigurationPlatforms) = postSolution
		{78DF150D-8B88-44F4-8274-2DEB0EFF17EC}.Debug|Any CPU.ActiveCfg = Debug|Any CPU
		{78DF150D-8B88-44F4-8274-2DEB0EFF17EC}.Debug|Any CPU.Build.0 = Debug|Any CPU
		{78DF150D-8B88-44F4-8274-2DEB0EFF17EC}.Release|Any CPU.ActiveCfg = Release|Any CPU
		{78DF150D-8B88-44F4-8274-2DEB0EFF17EC}.Release|Any CPU.Build.0 = Release|Any CPU
		{A016A1B1-CBD6-404E-90D8-D82660FFA53D}.Debug|Any CPU.ActiveCfg = Debug|Any CPU
		{A016A1B1-CBD6-404E-90D8-D82660FFA53D}.Debug|Any CPU.Build.0 = Debug|Any CPU
		{A016A1B1-CBD6-404E-90D8-D82660FFA53D}.Release|Any CPU.ActiveCfg = Release|Any CPU
		{A016A1B1-CBD6-404E-90D8-D82660FFA53D}.Release|Any CPU.Build.0 = Release|Any CPU
		{71C8D144-D4EF-41DA-8F4F-84403B1FE106}.Debug|Any CPU.ActiveCfg = Debug|Any CPU
		{71C8D144-D4EF-41DA-8F4F-84403B1FE106}.Debug|Any CPU.Build.0 = Debug|Any CPU
		{71C8D144-D4EF-41DA-8F4F-84403B1FE106}.Release|Any CPU.ActiveCfg = Release|Any CPU
		{71C8D144-D4EF-41DA-8F4F-84403B1FE106}.Release|Any CPU.Build.0 = Release|Any CPU
		{1D5DFAC5-862C-490F-B184-32D0F72E376A}.Debug|Any CPU.ActiveCfg = Debug|Any CPU
		{1D5DFAC5-862C-490F-B184-32D0F72E376A}.Debug|Any CPU.Build.0 = Debug|Any CPU
		{1D5DFAC5-862C-490F-B184-32D0F72E376A}.Release|Any CPU.ActiveCfg = Release|Any CPU
		{1D5DFAC5-862C-490F-B184-32D0F72E376A}.Release|Any CPU.Build.0 = Release|Any CPU
		{3461B336-C768-42A1-959A-A53D8083B6CC}.Debug|Any CPU.ActiveCfg = Debug|Any CPU
		{3461B336-C768-42A1-959A-A53D8083B6CC}.Debug|Any CPU.Build.0 = Debug|Any CPU
		{3461B336-C768-42A1-959A-A53D8083B6CC}.Release|Any CPU.ActiveCfg = Release|Any CPU
		{3461B336-C768-42A1-959A-A53D8083B6CC}.Release|Any CPU.Build.0 = Release|Any CPU
	EndGlobalSection
	GlobalSection(SolutionProperties) = preSolution
		HideSolutionNode = FALSE
	EndGlobalSection
	GlobalSection(ExtensibilityGlobals) = postSolution
		SolutionGuid = {745D201C-340E-4DA6-AC6D-39C478979F22}
	EndGlobalSection
EndGlobal
