
Microsoft Visual Studio Solution File, Format Version 12.00
# Visual Studio Version 17
VisualStudioVersion = 17.8.34330.188
MinimumVisualStudioVersion = 10.0.40219.1
Project("{FAE04EC0-301F-11D3-BF4B-00C04F79EFBC}") = "ourFirstApp", "ourFirstApp\ourFirstApp.csproj", "{BB740E1F-8B0A-4FAE-AE29-8652886CFA5D}"
EndProject
Project("{FAE04EC0-301F-11D3-BF4B-00C04F79EFBC}") = "stars", "stars\stars.csproj", "{2A3C1B67-6D23-45B4-9EDF-E3707473FE44}"
EndProject
Project("{FAE04EC0-301F-11D3-BF4B-00C04F79EFBC}") = "Exercise04", "Exercise04\Exercise04.csproj", "{16D1FF8F-4CB3-4CFF-95DC-44ADA8C5AF2F}"
EndProject
Global
	GlobalSection(SolutionConfigurationPlatforms) = preSolution
		Debug|Any CPU = Debug|Any CPU
		Release|Any CPU = Release|Any CPU
	EndGlobalSection
	GlobalSection(ProjectConfigurationPlatforms) = postSolution
		{BB740E1F-8B0A-4FAE-AE29-8652886CFA5D}.Debug|Any CPU.ActiveCfg = Debug|Any CPU
		{BB740E1F-8B0A-4FAE-AE29-8652886CFA5D}.Debug|Any CPU.Build.0 = Debug|Any CPU
		{BB740E1F-8B0A-4FAE-AE29-8652886CFA5D}.Release|Any CPU.ActiveCfg = Release|Any CPU
		{BB740E1F-8B0A-4FAE-AE29-8652886CFA5D}.Release|Any CPU.Build.0 = Release|Any CPU
		{2A3C1B67-6D23-45B4-9EDF-E3707473FE44}.Debug|Any CPU.ActiveCfg = Debug|Any CPU
		{2A3C1B67-6D23-45B4-9EDF-E3707473FE44}.Debug|Any CPU.Build.0 = Debug|Any CPU
		{2A3C1B67-6D23-45B4-9EDF-E3707473FE44}.Release|Any CPU.ActiveCfg = Release|Any CPU
		{2A3C1B67-6D23-45B4-9EDF-E3707473FE44}.Release|Any CPU.Build.0 = Release|Any CPU
		{16D1FF8F-4CB3-4CFF-95DC-44ADA8C5AF2F}.Debug|Any CPU.ActiveCfg = Debug|Any CPU
		{16D1FF8F-4CB3-4CFF-95DC-44ADA8C5AF2F}.Debug|Any CPU.Build.0 = Debug|Any CPU
		{16D1FF8F-4CB3-4CFF-95DC-44ADA8C5AF2F}.Release|Any CPU.ActiveCfg = Release|Any CPU
		{16D1FF8F-4CB3-4CFF-95DC-44ADA8C5AF2F}.Release|Any CPU.Build.0 = Release|Any CPU
	EndGlobalSection
	GlobalSection(SolutionProperties) = preSolution
		HideSolutionNode = FALSE
	EndGlobalSection
	GlobalSection(ExtensibilityGlobals) = postSolution
		SolutionGuid = {47CEB059-4D49-457F-A865-7814F365EFD5}
	EndGlobalSection
EndGlobal
