
Microsoft Visual Studio Solution File, Format Version 12.00
# Visual Studio Version 17
VisualStudioVersion = 17.9.34616.47
MinimumVisualStudioVersion = 10.0.40219.1
Project("{FAE04EC0-301F-11D3-BF4B-00C04F79EFBC}") = "QinshiftAcademy.Class02.DataTypes", "QinshiftAcademy.Class02.DataTypes\QinshiftAcademy.Class02.DataTypes.csproj", "{736C7B17-EFA4-49D5-8D1A-B32C0DDD5525}"
EndProject
Project("{FAE04EC0-301F-11D3-BF4B-00C04F79EFBC}") = "QinshiftAcademy.Class02.Parsing", "QinshiftAcademy.Class02.Parsing\QinshiftAcademy.Class02.Parsing.csproj", "{A87FB3E9-7D3C-4715-9043-898C707B1456}"
EndProject
Global
	GlobalSection(SolutionConfigurationPlatforms) = preSolution
		Debug|Any CPU = Debug|Any CPU
		Release|Any CPU = Release|Any CPU
	EndGlobalSection
	GlobalSection(ProjectConfigurationPlatforms) = postSolution
		{736C7B17-EFA4-49D5-8D1A-B32C0DDD5525}.Debug|Any CPU.ActiveCfg = Debug|Any CPU
		{736C7B17-EFA4-49D5-8D1A-B32C0DDD5525}.Debug|Any CPU.Build.0 = Debug|Any CPU
		{736C7B17-EFA4-49D5-8D1A-B32C0DDD5525}.Release|Any CPU.ActiveCfg = Release|Any CPU
		{736C7B17-EFA4-49D5-8D1A-B32C0DDD5525}.Release|Any CPU.Build.0 = Release|Any CPU
		{A87FB3E9-7D3C-4715-9043-898C707B1456}.Debug|Any CPU.ActiveCfg = Debug|Any CPU
		{A87FB3E9-7D3C-4715-9043-898C707B1456}.Debug|Any CPU.Build.0 = Debug|Any CPU
		{A87FB3E9-7D3C-4715-9043-898C707B1456}.Release|Any CPU.ActiveCfg = Release|Any CPU
		{A87FB3E9-7D3C-4715-9043-898C707B1456}.Release|Any CPU.Build.0 = Release|Any CPU
	EndGlobalSection
	GlobalSection(SolutionProperties) = preSolution
		HideSolutionNode = FALSE
	EndGlobalSection
	GlobalSection(ExtensibilityGlobals) = postSolution
		SolutionGuid = {72E39E38-4765-49E5-8D8B-32E293C179E8}
	EndGlobalSection
EndGlobal
