
Microsoft Visual Studio Solution File, Format Version 12.00
# Visual Studio Version 17
VisualStudioVersion = 17.7.34302.85
MinimumVisualStudioVersion = 10.0.40219.1
Project("{FAE04EC0-301F-11D3-BF4B-00C04F79EFBC}") = "Class07_Demo", "Class07_Demo\Class07_Demo.csproj", "{B031690F-EC6D-4B4F-907D-CA446C51FB14}"
EndProject
Global
	GlobalSection(SolutionConfigurationPlatforms) = preSolution
		Debug|Any CPU = Debug|Any CPU
		Release|Any CPU = Release|Any CPU
	EndGlobalSection
	GlobalSection(ProjectConfigurationPlatforms) = postSolution
		{B031690F-EC6D-4B4F-907D-CA446C51FB14}.Debug|Any CPU.ActiveCfg = Debug|Any CPU
		{B031690F-EC6D-4B4F-907D-CA446C51FB14}.Debug|Any CPU.Build.0 = Debug|Any CPU
		{B031690F-EC6D-4B4F-907D-CA446C51FB14}.Release|Any CPU.ActiveCfg = Release|Any CPU
		{B031690F-EC6D-4B4F-907D-CA446C51FB14}.Release|Any CPU.Build.0 = Release|Any CPU
	EndGlobalSection
	GlobalSection(SolutionProperties) = preSolution
		HideSolutionNode = FALSE
	EndGlobalSection
	GlobalSection(ExtensibilityGlobals) = postSolution
		SolutionGuid = {15E1B4BE-1FA5-46EF-AC88-8244FBAEB153}
	EndGlobalSection
EndGlobal
