
Microsoft Visual Studio Solution File, Format Version 12.00
# Visual Studio Version 17
VisualStudioVersion = 17.8.34330.188
MinimumVisualStudioVersion = 10.0.40219.1
Project("{FAE04EC0-301F-11D3-BF4B-00C04F79EFBC}") = "EmployeesApp", "EmployeesApp\EmployeesApp.csproj", "{EC59F969-DBEC-4644-B5AF-8594491BB190}"
EndProject
Project("{FAE04EC0-301F-11D3-BF4B-00C04F79EFBC}") = "Domain", "Domain\Domain.csproj", "{18539736-04D6-4182-871B-F3E598047FC3}"
EndProject
Project("{FAE04EC0-301F-11D3-BF4B-00C04F79EFBC}") = "Collections", "Collections\Collections.csproj", "{45CD5681-1BDE-4BC7-BEA1-7BB5F299B44C}"
EndProject
Global
	GlobalSection(SolutionConfigurationPlatforms) = preSolution
		Debug|Any CPU = Debug|Any CPU
		Release|Any CPU = Release|Any CPU
	EndGlobalSection
	GlobalSection(ProjectConfigurationPlatforms) = postSolution
		{EC59F969-DBEC-4644-B5AF-8594491BB190}.Debug|Any CPU.ActiveCfg = Debug|Any CPU
		{EC59F969-DBEC-4644-B5AF-8594491BB190}.Debug|Any CPU.Build.0 = Debug|Any CPU
		{EC59F969-DBEC-4644-B5AF-8594491BB190}.Release|Any CPU.ActiveCfg = Release|Any CPU
		{EC59F969-DBEC-4644-B5AF-8594491BB190}.Release|Any CPU.Build.0 = Release|Any CPU
		{18539736-04D6-4182-871B-F3E598047FC3}.Debug|Any CPU.ActiveCfg = Debug|Any CPU
		{18539736-04D6-4182-871B-F3E598047FC3}.Debug|Any CPU.Build.0 = Debug|Any CPU
		{18539736-04D6-4182-871B-F3E598047FC3}.Release|Any CPU.ActiveCfg = Release|Any CPU
		{18539736-04D6-4182-871B-F3E598047FC3}.Release|Any CPU.Build.0 = Release|Any CPU
		{45CD5681-1BDE-4BC7-BEA1-7BB5F299B44C}.Debug|Any CPU.ActiveCfg = Debug|Any CPU
		{45CD5681-1BDE-4BC7-BEA1-7BB5F299B44C}.Debug|Any CPU.Build.0 = Debug|Any CPU
		{45CD5681-1BDE-4BC7-BEA1-7BB5F299B44C}.Release|Any CPU.ActiveCfg = Release|Any CPU
		{45CD5681-1BDE-4BC7-BEA1-7BB5F299B44C}.Release|Any CPU.Build.0 = Release|Any CPU
	EndGlobalSection
	GlobalSection(SolutionProperties) = preSolution
		HideSolutionNode = FALSE
	EndGlobalSection
	GlobalSection(ExtensibilityGlobals) = postSolution
		SolutionGuid = {228B0AB1-B89E-44EB-B611-C6B82845BCFC}
	EndGlobalSection
EndGlobal
