
Microsoft Visual Studio Solution File, Format Version 12.00
# Visual Studio Version 17
VisualStudioVersion = 17.7.34302.85
MinimumVisualStudioVersion = 10.0.40219.1
Project("{FAE04EC0-301F-11D3-BF4B-00C04F79EFBC}") = "Class04_DateTime_Demo", "Class04_DateTime_Demo\Class04_DateTime_Demo.csproj", "{B11796AE-029C-48CA-BE0D-4313A8A7FC9E}"
EndProject
Global
	GlobalSection(SolutionConfigurationPlatforms) = preSolution
		Debug|Any CPU = Debug|Any CPU
		Release|Any CPU = Release|Any CPU
	EndGlobalSection
	GlobalSection(ProjectConfigurationPlatforms) = postSolution
		{B11796AE-029C-48CA-BE0D-4313A8A7FC9E}.Debug|Any CPU.ActiveCfg = Debug|Any CPU
		{B11796AE-029C-48CA-BE0D-4313A8A7FC9E}.Debug|Any CPU.Build.0 = Debug|Any CPU
		{B11796AE-029C-48CA-BE0D-4313A8A7FC9E}.Release|Any CPU.ActiveCfg = Release|Any CPU
		{B11796AE-029C-48CA-BE0D-4313A8A7FC9E}.Release|Any CPU.Build.0 = Release|Any CPU
	EndGlobalSection
	GlobalSection(SolutionProperties) = preSolution
		HideSolutionNode = FALSE
	EndGlobalSection
	GlobalSection(ExtensibilityGlobals) = postSolution
		SolutionGuid = {7C634EF4-ED33-4286-9F3D-48ABD3CE56D8}
	EndGlobalSection
EndGlobal
