
Microsoft Visual Studio Solution File, Format Version 12.00
# Visual Studio Version 17
VisualStudioVersion = 17.8.34330.188
MinimumVisualStudioVersion = 10.0.40219.1
Project("{FAE04EC0-301F-11D3-BF4B-00C04F79EFBC}") = "Strings", "Strings\Strings.csproj", "{B77E1BFE-32F6-4659-B915-7C5C2DFB169F}"
EndProject
Project("{FAE04EC0-301F-11D3-BF4B-00C04F79EFBC}") = "Class04_Exercise03", "Class04_Exercise03\Class04_Exercise03.csproj", "{BD12FAE8-9CF5-49AF-B887-72DF7C3FF0BC}"
EndProject
Project("{FAE04EC0-301F-11D3-BF4B-00C04F79EFBC}") = "DateTimes", "DateTimes\DateTimes.csproj", "{864041F8-73C1-4AD6-BCF7-011F0955ABE3}"
EndProject
Project("{FAE04EC0-301F-11D3-BF4B-00C04F79EFBC}") = "Class04_Exercise04", "Class04_Exercise04\Class04_Exercise04.csproj", "{F17DE4EA-AED8-45BC-81B2-06033A4645D7}"
EndProject
Project("{FAE04EC0-301F-11D3-BF4B-00C04F79EFBC}") = "Classes", "Classes\Classes.csproj", "{C0C2180A-65C1-4D22-B8F0-1CEB252B51B5}"
EndProject
Global
	GlobalSection(SolutionConfigurationPlatforms) = preSolution
		Debug|Any CPU = Debug|Any CPU
		Release|Any CPU = Release|Any CPU
	EndGlobalSection
	GlobalSection(ProjectConfigurationPlatforms) = postSolution
		{B77E1BFE-32F6-4659-B915-7C5C2DFB169F}.Debug|Any CPU.ActiveCfg = Debug|Any CPU
		{B77E1BFE-32F6-4659-B915-7C5C2DFB169F}.Debug|Any CPU.Build.0 = Debug|Any CPU
		{B77E1BFE-32F6-4659-B915-7C5C2DFB169F}.Release|Any CPU.ActiveCfg = Release|Any CPU
		{B77E1BFE-32F6-4659-B915-7C5C2DFB169F}.Release|Any CPU.Build.0 = Release|Any CPU
		{BD12FAE8-9CF5-49AF-B887-72DF7C3FF0BC}.Debug|Any CPU.ActiveCfg = Debug|Any CPU
		{BD12FAE8-9CF5-49AF-B887-72DF7C3FF0BC}.Debug|Any CPU.Build.0 = Debug|Any CPU
		{BD12FAE8-9CF5-49AF-B887-72DF7C3FF0BC}.Release|Any CPU.ActiveCfg = Release|Any CPU
		{BD12FAE8-9CF5-49AF-B887-72DF7C3FF0BC}.Release|Any CPU.Build.0 = Release|Any CPU
		{864041F8-73C1-4AD6-BCF7-011F0955ABE3}.Debug|Any CPU.ActiveCfg = Debug|Any CPU
		{864041F8-73C1-4AD6-BCF7-011F0955ABE3}.Debug|Any CPU.Build.0 = Debug|Any CPU
		{864041F8-73C1-4AD6-BCF7-011F0955ABE3}.Release|Any CPU.ActiveCfg = Release|Any CPU
		{864041F8-73C1-4AD6-BCF7-011F0955ABE3}.Release|Any CPU.Build.0 = Release|Any CPU
		{F17DE4EA-AED8-45BC-81B2-06033A4645D7}.Debug|Any CPU.ActiveCfg = Debug|Any CPU
		{F17DE4EA-AED8-45BC-81B2-06033A4645D7}.Debug|Any CPU.Build.0 = Debug|Any CPU
		{F17DE4EA-AED8-45BC-81B2-06033A4645D7}.Release|Any CPU.ActiveCfg = Release|Any CPU
		{F17DE4EA-AED8-45BC-81B2-06033A4645D7}.Release|Any CPU.Build.0 = Release|Any CPU
		{C0C2180A-65C1-4D22-B8F0-1CEB252B51B5}.Debug|Any CPU.ActiveCfg = Debug|Any CPU
		{C0C2180A-65C1-4D22-B8F0-1CEB252B51B5}.Debug|Any CPU.Build.0 = Debug|Any CPU
		{C0C2180A-65C1-4D22-B8F0-1CEB252B51B5}.Release|Any CPU.ActiveCfg = Release|Any CPU
		{C0C2180A-65C1-4D22-B8F0-1CEB252B51B5}.Release|Any CPU.Build.0 = Release|Any CPU
	EndGlobalSection
	GlobalSection(SolutionProperties) = preSolution
		HideSolutionNode = FALSE
	EndGlobalSection
	GlobalSection(ExtensibilityGlobals) = postSolution
		SolutionGuid = {4344FC07-8510-4A2E-86DB-9795ADEBFBBF}
	EndGlobalSection
EndGlobal
